
Microsoft Visual Studio Solution File, Format Version 12.00
# Visual Studio Version 17
VisualStudioVersion = 17.4.33213.308
MinimumVisualStudioVersion = 10.0.40219.1
Project("{FAE04EC0-301F-11D3-BF4B-00C04F79EFBC}") = "QLHocSinhHVT", "QLHocSinhHVT.csproj", "{143EFF85-F58B-436E-8C53-6CCB68B3F579}"
EndProject
Global
	GlobalSection(SolutionConfigurationPlatforms) = preSolution
		Debug|Any CPU = Debug|Any CPU
		Release|Any CPU = Release|Any CPU
	EndGlobalSection
	GlobalSection(ProjectConfigurationPlatforms) = postSolution
		{143EFF85-F58B-436E-8C53-6CCB68B3F579}.Debug|Any CPU.ActiveCfg = Debug|Any CPU
		{143EFF85-F58B-436E-8C53-6CCB68B3F579}.Debug|Any CPU.Build.0 = Debug|Any CPU
		{143EFF85-F58B-436E-8C53-6CCB68B3F579}.Release|Any CPU.ActiveCfg = Release|Any CPU
		{143EFF85-F58B-436E-8C53-6CCB68B3F579}.Release|Any CPU.Build.0 = Release|Any CPU
	EndGlobalSection
	GlobalSection(SolutionProperties) = preSolution
		HideSolutionNode = FALSE
	EndGlobalSection
	GlobalSection(ExtensibilityGlobals) = postSolution
		SolutionGuid = {6A3CB560-0BCA-48BB-A782-53940279E8AF}
	EndGlobalSection
EndGlobal
